
Microsoft Visual Studio Solution File, Format Version 12.00
Project("{FAE04EC0-301F-11D3-BF4B-00C04F79EFBC}") = "DynamicConfig.Server.Web", "DynamicConfig.Server.Web\DynamicConfig.Server.Web.csproj", "{D41700AD-00AB-4DB9-9BED-5CC38BF16419}"
EndProject
Global
	GlobalSection(SolutionConfigurationPlatforms) = preSolution
		Debug|Any CPU = Debug|Any CPU
		Release|Any CPU = Release|Any CPU
	EndGlobalSection
	GlobalSection(ProjectConfigurationPlatforms) = postSolution
		{D41700AD-00AB-4DB9-9BED-5CC38BF16419}.Debug|Any CPU.ActiveCfg = Debug|Any CPU
		{D41700AD-00AB-4DB9-9BED-5CC38BF16419}.Debug|Any CPU.Build.0 = Debug|Any CPU
		{D41700AD-00AB-4DB9-9BED-5CC38BF16419}.Release|Any CPU.ActiveCfg = Release|Any CPU
		{D41700AD-00AB-4DB9-9BED-5CC38BF16419}.Release|Any CPU.Build.0 = Release|Any CPU
	EndGlobalSection
EndGlobal
